// !$*UTF8*$!
{
	archiveVersion = 1;
	classes = {
	};
	objectVersion = 50;
	objects = {

/* Begin PBXBuildFile section */
		CA6121E124D76E4E00042D20 /* SettingCollectionViewCell.swift in Sources */ = {isa = PBXBuildFile; fileRef = CA6121E024D76E4E00042D20 /* SettingCollectionViewCell.swift */; };
		CA80785724C10DE9003976D7 /* MainPageSettingsHeaderView.swift in Sources */ = {isa = PBXBuildFile; fileRef = CA80785624C10DE9003976D7 /* MainPageSettingsHeaderView.swift */; };
		CA80785924C10F8D003976D7 /* MainPageSettingCollectionViewController.swift in Sources */ = {isa = PBXBuildFile; fileRef = CA80785824C10F8D003976D7 /* MainPageSettingCollectionViewController.swift */; };
		D73AA445247A01D200734E90 /* MessagesController.swift in Sources */ = {isa = PBXBuildFile; fileRef = D73AA444247A01D200734E90 /* MessagesController.swift */; };
		D73AA447247A117400734E90 /* MainTabBarController.swift in Sources */ = {isa = PBXBuildFile; fileRef = D73AA446247A117400734E90 /* MainTabBarController.swift */; };
		D73AA44A247A429A00734E90 /* APIRequest.swift in Sources */ = {isa = PBXBuildFile; fileRef = D73AA449247A429A00734E90 /* APIRequest.swift */; };
		D73AA44C247C3B9200734E90 /* MessageCell.swift in Sources */ = {isa = PBXBuildFile; fileRef = D73AA44B247C3B9200734E90 /* MessageCell.swift */; };
		D73AA44F247C567C00734E90 /* Model.xcdatamodeld in Sources */ = {isa = PBXBuildFile; fileRef = D73AA44D247C567C00734E90 /* Model.xcdatamodeld */; };
		D74B5E8E2475F8B80015F9D9 /* LoginViewController.swift in Sources */ = {isa = PBXBuildFile; fileRef = D74B5E8D2475F8B80015F9D9 /* LoginViewController.swift */; };
		D78C4FEE2485B60800142398 /* ChatCell.swift in Sources */ = {isa = PBXBuildFile; fileRef = D78C4FED2485B60800142398 /* ChatCell.swift */; };
		D796FD3D2468D41B001E0C31 /* AppDelegate.swift in Sources */ = {isa = PBXBuildFile; fileRef = D796FD3C2468D41B001E0C31 /* AppDelegate.swift */; };
		D796FD3F2468D41B001E0C31 /* SceneDelegate.swift in Sources */ = {isa = PBXBuildFile; fileRef = D796FD3E2468D41B001E0C31 /* SceneDelegate.swift */; };
		D796FD462468D41E001E0C31 /* Assets.xcassets in Resources */ = {isa = PBXBuildFile; fileRef = D796FD452468D41E001E0C31 /* Assets.xcassets */; };
		D796FD492468D41E001E0C31 /* LaunchScreen.storyboard in Resources */ = {isa = PBXBuildFile; fileRef = D796FD472468D41E001E0C31 /* LaunchScreen.storyboard */; };
		D7B4BB932478964F004EE92D /* LoginScreen.swift in Sources */ = {isa = PBXBuildFile; fileRef = D7B4BB922478964F004EE92D /* LoginScreen.swift */; };
		D7B4BB952478CF69004EE92D /* SignupScreen.swift in Sources */ = {isa = PBXBuildFile; fileRef = D7B4BB942478CF69004EE92D /* SignupScreen.swift */; };
		D7CECC43247C694500728639 /* Message+CoreDataClass.swift in Sources */ = {isa = PBXBuildFile; fileRef = D7CECC3F247C694500728639 /* Message+CoreDataClass.swift */; };
		D7CECC44247C694500728639 /* Message+CoreDataProperties.swift in Sources */ = {isa = PBXBuildFile; fileRef = D7CECC40247C694500728639 /* Message+CoreDataProperties.swift */; };
		D7CECC45247C694500728639 /* MatchUser+CoreDataClass.swift in Sources */ = {isa = PBXBuildFile; fileRef = D7CECC41247C694500728639 /* MatchUser+CoreDataClass.swift */; };
		D7CECC46247C694500728639 /* MatchUser+CoreDataProperties.swift in Sources */ = {isa = PBXBuildFile; fileRef = D7CECC42247C694500728639 /* MatchUser+CoreDataProperties.swift */; };
		D7CECC6B247C7FA100728639 /* CoreDataManager.swift in Sources */ = {isa = PBXBuildFile; fileRef = D7CECC6A247C7FA100728639 /* CoreDataManager.swift */; };
		D7CECC6D247E0AB200728639 /* Messages.swift in Sources */ = {isa = PBXBuildFile; fileRef = D7CECC6C247E0AB200728639 /* Messages.swift */; };
		D7CECC6F247E0AC000728639 /* MatchUsers.swift in Sources */ = {isa = PBXBuildFile; fileRef = D7CECC6E247E0AC000728639 /* MatchUsers.swift */; };
		D7CECC71247F5CE900728639 /* ChatLogViewController.swift in Sources */ = {isa = PBXBuildFile; fileRef = D7CECC70247F5CE900728639 /* ChatLogViewController.swift */; };
		D7D249EF2476056B00807B8C /* Extension.swift in Sources */ = {isa = PBXBuildFile; fileRef = D7D249EE2476056B00807B8C /* Extension.swift */; };
		D7D24A11247784F100807B8C /* SignupViewController.swift in Sources */ = {isa = PBXBuildFile; fileRef = D7D24A10247784F100807B8C /* SignupViewController.swift */; };
/* End PBXBuildFile section */

/* Begin PBXFileReference section */
		CA6121E024D76E4E00042D20 /* SettingCollectionViewCell.swift */ = {isa = PBXFileReference; lastKnownFileType = sourcecode.swift; path = SettingCollectionViewCell.swift; sourceTree = "<group>"; };
		CA80785624C10DE9003976D7 /* MainPageSettingsHeaderView.swift */ = {isa = PBXFileReference; lastKnownFileType = sourcecode.swift; path = MainPageSettingsHeaderView.swift; sourceTree = "<group>"; };
		CA80785824C10F8D003976D7 /* MainPageSettingCollectionViewController.swift */ = {isa = PBXFileReference; lastKnownFileType = sourcecode.swift; path = MainPageSettingCollectionViewController.swift; sourceTree = "<group>"; };
		D73AA444247A01D200734E90 /* MessagesController.swift */ = {isa = PBXFileReference; lastKnownFileType = sourcecode.swift; path = MessagesController.swift; sourceTree = "<group>"; };
		D73AA446247A117400734E90 /* MainTabBarController.swift */ = {isa = PBXFileReference; lastKnownFileType = sourcecode.swift; path = MainTabBarController.swift; sourceTree = "<group>"; };
		D73AA449247A429A00734E90 /* APIRequest.swift */ = {isa = PBXFileReference; lastKnownFileType = sourcecode.swift; path = APIRequest.swift; sourceTree = "<group>"; };
		D73AA44B247C3B9200734E90 /* MessageCell.swift */ = {isa = PBXFileReference; lastKnownFileType = sourcecode.swift; path = MessageCell.swift; sourceTree = "<group>"; };
		D73AA44E247C567C00734E90 /* Model.xcdatamodel */ = {isa = PBXFileReference; lastKnownFileType = wrapper.xcdatamodel; path = Model.xcdatamodel; sourceTree = "<group>"; };
		D74B5E8D2475F8B80015F9D9 /* LoginViewController.swift */ = {isa = PBXFileReference; lastKnownFileType = sourcecode.swift; path = LoginViewController.swift; sourceTree = "<group>"; };
		D78C4FED2485B60800142398 /* ChatCell.swift */ = {isa = PBXFileReference; lastKnownFileType = sourcecode.swift; path = ChatCell.swift; sourceTree = "<group>"; };
		D796FD392468D41B001E0C31 /* testApp.app */ = {isa = PBXFileReference; explicitFileType = wrapper.application; includeInIndex = 0; path = testApp.app; sourceTree = BUILT_PRODUCTS_DIR; };
		D796FD3C2468D41B001E0C31 /* AppDelegate.swift */ = {isa = PBXFileReference; lastKnownFileType = sourcecode.swift; path = AppDelegate.swift; sourceTree = "<group>"; };
		D796FD3E2468D41B001E0C31 /* SceneDelegate.swift */ = {isa = PBXFileReference; lastKnownFileType = sourcecode.swift; path = SceneDelegate.swift; sourceTree = "<group>"; };
		D796FD452468D41E001E0C31 /* Assets.xcassets */ = {isa = PBXFileReference; lastKnownFileType = folder.assetcatalog; path = Assets.xcassets; sourceTree = "<group>"; };
		D796FD482468D41E001E0C31 /* Base */ = {isa = PBXFileReference; lastKnownFileType = file.storyboard; name = Base; path = Base.lproj/LaunchScreen.storyboard; sourceTree = "<group>"; };
		D796FD4A2468D41E001E0C31 /* Info.plist */ = {isa = PBXFileReference; lastKnownFileType = text.plist.xml; path = Info.plist; sourceTree = "<group>"; };
		D7B4BB922478964F004EE92D /* LoginScreen.swift */ = {isa = PBXFileReference; lastKnownFileType = sourcecode.swift; path = LoginScreen.swift; sourceTree = "<group>"; };
		D7B4BB942478CF69004EE92D /* SignupScreen.swift */ = {isa = PBXFileReference; lastKnownFileType = sourcecode.swift; path = SignupScreen.swift; sourceTree = "<group>"; };
		D7CECC3F247C694500728639 /* Message+CoreDataClass.swift */ = {isa = PBXFileReference; lastKnownFileType = sourcecode.swift; path = "Message+CoreDataClass.swift"; sourceTree = "<group>"; };
		D7CECC40247C694500728639 /* Message+CoreDataProperties.swift */ = {isa = PBXFileReference; lastKnownFileType = sourcecode.swift; path = "Message+CoreDataProperties.swift"; sourceTree = "<group>"; };
		D7CECC41247C694500728639 /* MatchUser+CoreDataClass.swift */ = {isa = PBXFileReference; lastKnownFileType = sourcecode.swift; path = "MatchUser+CoreDataClass.swift"; sourceTree = "<group>"; };
		D7CECC42247C694500728639 /* MatchUser+CoreDataProperties.swift */ = {isa = PBXFileReference; lastKnownFileType = sourcecode.swift; path = "MatchUser+CoreDataProperties.swift"; sourceTree = "<group>"; };
		D7CECC6A247C7FA100728639 /* CoreDataManager.swift */ = {isa = PBXFileReference; lastKnownFileType = sourcecode.swift; path = CoreDataManager.swift; sourceTree = "<group>"; };
		D7CECC6C247E0AB200728639 /* Messages.swift */ = {isa = PBXFileReference; lastKnownFileType = sourcecode.swift; path = Messages.swift; sourceTree = "<group>"; };
		D7CECC6E247E0AC000728639 /* MatchUsers.swift */ = {isa = PBXFileReference; lastKnownFileType = sourcecode.swift; path = MatchUsers.swift; sourceTree = "<group>"; };
		D7CECC70247F5CE900728639 /* ChatLogViewController.swift */ = {isa = PBXFileReference; lastKnownFileType = sourcecode.swift; path = ChatLogViewController.swift; sourceTree = "<group>"; };
		D7D249EE2476056B00807B8C /* Extension.swift */ = {isa = PBXFileReference; lastKnownFileType = sourcecode.swift; path = Extension.swift; sourceTree = "<group>"; };
		D7D24A10247784F100807B8C /* SignupViewController.swift */ = {isa = PBXFileReference; lastKnownFileType = sourcecode.swift; path = SignupViewController.swift; sourceTree = "<group>"; };
/* End PBXFileReference section */

/* Begin PBXFrameworksBuildPhase section */
		D796FD362468D41B001E0C31 /* Frameworks */ = {
			isa = PBXFrameworksBuildPhase;
			buildActionMask = 2147483647;
			files = (
			);
			runOnlyForDeploymentPostprocessing = 0;
		};
/* End PBXFrameworksBuildPhase section */

/* Begin PBXGroup section */
		CA80785524C10DB5003976D7 /* Settings */ = {
			isa = PBXGroup;
			children = (
				CA80785624C10DE9003976D7 /* MainPageSettingsHeaderView.swift */,
				CA80785824C10F8D003976D7 /* MainPageSettingCollectionViewController.swift */,
				CA6121E024D76E4E00042D20 /* SettingCollectionViewCell.swift */,
			);
			path = Settings;
			sourceTree = "<group>";
		};
		D73AA448247A427D00734E90 /* Services */ = {
			isa = PBXGroup;
			children = (
				D73AA449247A429A00734E90 /* APIRequest.swift */,
			);
			path = Services;
			sourceTree = "<group>";
		};
		D73AA450247C568700734E90 /* Model */ = {
			isa = PBXGroup;
			children = (
				D78C4FE82485B50D00142398 /* MatchUsers */,
				D78C4FE72485B4F200142398 /* Messages */,
				D73AA44D247C567C00734E90 /* Model.xcdatamodeld */,
				D7CECC6A247C7FA100728639 /* CoreDataManager.swift */,
			);
			path = Model;
			sourceTree = "<group>";
		};
		D78C4FE72485B4F200142398 /* Messages */ = {
			isa = PBXGroup;
			children = (
				D7CECC6C247E0AB200728639 /* Messages.swift */,
				D7CECC3F247C694500728639 /* Message+CoreDataClass.swift */,
				D7CECC40247C694500728639 /* Message+CoreDataProperties.swift */,
			);
			path = Messages;
			sourceTree = "<group>";
		};
		D78C4FE82485B50D00142398 /* MatchUsers */ = {
			isa = PBXGroup;
			children = (
				D7CECC6E247E0AC000728639 /* MatchUsers.swift */,
				D7CECC41247C694500728639 /* MatchUser+CoreDataClass.swift */,
				D7CECC42247C694500728639 /* MatchUser+CoreDataProperties.swift */,
			);
			path = MatchUsers;
			sourceTree = "<group>";
		};
		D78C4FE92485B53F00142398 /* Signin */ = {
			isa = PBXGroup;
			children = (
				D7D24A10247784F100807B8C /* SignupViewController.swift */,
				D74B5E8D2475F8B80015F9D9 /* LoginViewController.swift */,
			);
			name = Signin;
			sourceTree = "<group>";
		};
		D78C4FEA2485B56100142398 /* Messages */ = {
			isa = PBXGroup;
			children = (
				D73AA444247A01D200734E90 /* MessagesController.swift */,
				D7CECC70247F5CE900728639 /* ChatLogViewController.swift */,
				D73AA446247A117400734E90 /* MainTabBarController.swift */,
			);
			name = Messages;
			sourceTree = "<group>";
		};
		D78C4FEB2485B59400142398 /* Signin */ = {
			isa = PBXGroup;
			children = (
				D7B4BB922478964F004EE92D /* LoginScreen.swift */,
				D7B4BB942478CF69004EE92D /* SignupScreen.swift */,
			);
			path = Signin;
			sourceTree = "<group>";
		};
		D78C4FEC2485B5BC00142398 /* Messages */ = {
			isa = PBXGroup;
			children = (
				D73AA44B247C3B9200734E90 /* MessageCell.swift */,
				D78C4FED2485B60800142398 /* ChatCell.swift */,
			);
			path = Messages;
			sourceTree = "<group>";
		};
		D796FD302468D41B001E0C31 = {
			isa = PBXGroup;
			children = (
				D796FD3B2468D41B001E0C31 /* testApp */,
				D796FD3A2468D41B001E0C31 /* Products */,
			);
			sourceTree = "<group>";
		};
		D796FD3A2468D41B001E0C31 /* Products */ = {
			isa = PBXGroup;
			children = (
				D796FD392468D41B001E0C31 /* testApp.app */,
			);
			name = Products;
			sourceTree = "<group>";
		};
		D796FD3B2468D41B001E0C31 /* testApp */ = {
			isa = PBXGroup;
			children = (
				D796FD3C2468D41B001E0C31 /* AppDelegate.swift */,
				D796FD3E2468D41B001E0C31 /* SceneDelegate.swift */,
				D796FD452468D41E001E0C31 /* Assets.xcassets */,
				D796FD472468D41E001E0C31 /* LaunchScreen.storyboard */,
				D796FD4A2468D41E001E0C31 /* Info.plist */,
				D7D249EE2476056B00807B8C /* Extension.swift */,
				D73AA448247A427D00734E90 /* Services */,
				D7B4BB9124789608004EE92D /* Views */,
				D7B4BB90247895EF004EE92D /* Controllers */,
				D73AA450247C568700734E90 /* Model */,
			);
			path = testApp;
			sourceTree = "<group>";
		};
		D7B4BB90247895EF004EE92D /* Controllers */ = {
			isa = PBXGroup;
			children = (
				CA80785524C10DB5003976D7 /* Settings */,
				D78C4FEA2485B56100142398 /* Messages */,
				D78C4FE92485B53F00142398 /* Signin */,
			);
			name = Controllers;
			sourceTree = "<group>";
		};
		D7B4BB9124789608004EE92D /* Views */ = {
			isa = PBXGroup;
			children = (
				D78C4FEC2485B5BC00142398 /* Messages */,
				D78C4FEB2485B59400142398 /* Signin */,
			);
			path = Views;
			sourceTree = "<group>";
		};
/* End PBXGroup section */

/* Begin PBXNativeTarget section */
		D796FD382468D41B001E0C31 /* testApp */ = {
			isa = PBXNativeTarget;
			buildConfigurationList = D796FD4D2468D41E001E0C31 /* Build configuration list for PBXNativeTarget "testApp" */;
			buildPhases = (
				D796FD352468D41B001E0C31 /* Sources */,
				D796FD362468D41B001E0C31 /* Frameworks */,
				D796FD372468D41B001E0C31 /* Resources */,
			);
			buildRules = (
			);
			dependencies = (
			);
			name = testApp;
			productName = testApp;
			productReference = D796FD392468D41B001E0C31 /* testApp.app */;
			productType = "com.apple.product-type.application";
		};
/* End PBXNativeTarget section */

/* Begin PBXProject section */
		D796FD312468D41B001E0C31 /* Project object */ = {
			isa = PBXProject;
			attributes = {
				LastSwiftUpdateCheck = 1140;
				LastUpgradeCheck = 1140;
				ORGANIZATIONNAME = Dev;
				TargetAttributes = {
					D796FD382468D41B001E0C31 = {
						CreatedOnToolsVersion = 11.4.1;
					};
				};
			};
			buildConfigurationList = D796FD342468D41B001E0C31 /* Build configuration list for PBXProject "testApp" */;
			compatibilityVersion = "Xcode 9.3";
			developmentRegion = en;
			hasScannedForEncodings = 0;
			knownRegions = (
				en,
				Base,
			);
			mainGroup = D796FD302468D41B001E0C31;
			productRefGroup = D796FD3A2468D41B001E0C31 /* Products */;
			projectDirPath = "";
			projectRoot = "";
			targets = (
				D796FD382468D41B001E0C31 /* testApp */,
			);
		};
/* End PBXProject section */

/* Begin PBXResourcesBuildPhase section */
		D796FD372468D41B001E0C31 /* Resources */ = {
			isa = PBXResourcesBuildPhase;
			buildActionMask = 2147483647;
			files = (
				D796FD492468D41E001E0C31 /* LaunchScreen.storyboard in Resources */,
				D796FD462468D41E001E0C31 /* Assets.xcassets in Resources */,
			);
			runOnlyForDeploymentPostprocessing = 0;
		};
/* End PBXResourcesBuildPhase section */

/* Begin PBXSourcesBuildPhase section */
		D796FD352468D41B001E0C31 /* Sources */ = {
			isa = PBXSourcesBuildPhase;
			buildActionMask = 2147483647;
			files = (
				CA80785724C10DE9003976D7 /* MainPageSettingsHeaderView.swift in Sources */,
				D73AA44C247C3B9200734E90 /* MessageCell.swift in Sources */,
				D7CECC6D247E0AB200728639 /* Messages.swift in Sources */,
				D7B4BB952478CF69004EE92D /* SignupScreen.swift in Sources */,
				D74B5E8E2475F8B80015F9D9 /* LoginViewController.swift in Sources */,
				D796FD3D2468D41B001E0C31 /* AppDelegate.swift in Sources */,
				D7CECC6B247C7FA100728639 /* CoreDataManager.swift in Sources */,
				D78C4FEE2485B60800142398 /* ChatCell.swift in Sources */,
				D7CECC46247C694500728639 /* MatchUser+CoreDataProperties.swift in Sources */,
				CA80785924C10F8D003976D7 /* MainPageSettingCollectionViewController.swift in Sources */,
				D7CECC6F247E0AC000728639 /* MatchUsers.swift in Sources */,
				D7CECC44247C694500728639 /* Message+CoreDataProperties.swift in Sources */,
				D7D24A11247784F100807B8C /* SignupViewController.swift in Sources */,
				D796FD3F2468D41B001E0C31 /* SceneDelegate.swift in Sources */,
				D73AA445247A01D200734E90 /* MessagesController.swift in Sources */,
				D73AA44A247A429A00734E90 /* APIRequest.swift in Sources */,
				D7CECC43247C694500728639 /* Message+CoreDataClass.swift in Sources */,
				D7D249EF2476056B00807B8C /* Extension.swift in Sources */,
				D7CECC71247F5CE900728639 /* ChatLogViewController.swift in Sources */,
				CA6121E124D76E4E00042D20 /* SettingCollectionViewCell.swift in Sources */,
				D73AA447247A117400734E90 /* MainTabBarController.swift in Sources */,
				D7CECC45247C694500728639 /* MatchUser+CoreDataClass.swift in Sources */,
				D73AA44F247C567C00734E90 /* Model.xcdatamodeld in Sources */,
				D7B4BB932478964F004EE92D /* LoginScreen.swift in Sources */,
			);
			runOnlyForDeploymentPostprocessing = 0;
		};
/* End PBXSourcesBuildPhase section */

/* Begin PBXVariantGroup section */
		D796FD472468D41E001E0C31 /* LaunchScreen.storyboard */ = {
			isa = PBXVariantGroup;
			children = (
				D796FD482468D41E001E0C31 /* Base */,
			);
			name = LaunchScreen.storyboard;
			sourceTree = "<group>";
		};
/* End PBXVariantGroup section */

/* Begin XCBuildConfiguration section */
		D796FD4B2468D41E001E0C31 /* Debug */ = {
			isa = XCBuildConfiguration;
			buildSettings = {
				ALWAYS_SEARCH_USER_PATHS = NO;
				CLANG_ANALYZER_NONNULL = YES;
				CLANG_ANALYZER_NUMBER_OBJECT_CONVERSION = YES_AGGRESSIVE;
				CLANG_CXX_LANGUAGE_STANDARD = "gnu++14";
				CLANG_CXX_LIBRARY = "libc++";
				CLANG_ENABLE_MODULES = YES;
				CLANG_ENABLE_OBJC_ARC = YES;
				CLANG_ENABLE_OBJC_WEAK = YES;
				CLANG_WARN_BLOCK_CAPTURE_AUTORELEASING = YES;
				CLANG_WARN_BOOL_CONVERSION = YES;
				CLANG_WARN_COMMA = YES;
				CLANG_WARN_CONSTANT_CONVERSION = YES;
				CLANG_WARN_DEPRECATED_OBJC_IMPLEMENTATIONS = YES;
				CLANG_WARN_DIRECT_OBJC_ISA_USAGE = YES_ERROR;
				CLANG_WARN_DOCUMENTATION_COMMENTS = YES;
				CLANG_WARN_EMPTY_BODY = YES;
				CLANG_WARN_ENUM_CONVERSION = YES;
				CLANG_WARN_INFINITE_RECURSION = YES;
				CLANG_WARN_INT_CONVERSION = YES;
				CLANG_WARN_NON_LITERAL_NULL_CONVERSION = YES;
				CLANG_WARN_OBJC_IMPLICIT_RETAIN_SELF = YES;
				CLANG_WARN_OBJC_LITERAL_CONVERSION = YES;
				CLANG_WARN_OBJC_ROOT_CLASS = YES_ERROR;
				CLANG_WARN_RANGE_LOOP_ANALYSIS = YES;
				CLANG_WARN_STRICT_PROTOTYPES = YES;
				CLANG_WARN_SUSPICIOUS_MOVE = YES;
				CLANG_WARN_UNGUARDED_AVAILABILITY = YES_AGGRESSIVE;
				CLANG_WARN_UNREACHABLE_CODE = YES;
				CLANG_WARN__DUPLICATE_METHOD_MATCH = YES;
				COPY_PHASE_STRIP = NO;
				DEBUG_INFORMATION_FORMAT = dwarf;
				ENABLE_STRICT_OBJC_MSGSEND = YES;
				ENABLE_TESTABILITY = YES;
				GCC_C_LANGUAGE_STANDARD = gnu11;
				GCC_DYNAMIC_NO_PIC = NO;
				GCC_NO_COMMON_BLOCKS = YES;
				GCC_OPTIMIZATION_LEVEL = 0;
				GCC_PREPROCESSOR_DEFINITIONS = (
					"DEBUG=1",
					"$(inherited)",
				);
				GCC_WARN_64_TO_32_BIT_CONVERSION = YES;
				GCC_WARN_ABOUT_RETURN_TYPE = YES_ERROR;
				GCC_WARN_UNDECLARED_SELECTOR = YES;
				GCC_WARN_UNINITIALIZED_AUTOS = YES_AGGRESSIVE;
				GCC_WARN_UNUSED_FUNCTION = YES;
				GCC_WARN_UNUSED_VARIABLE = YES;
				IPHONEOS_DEPLOYMENT_TARGET = 13.4;
				MTL_ENABLE_DEBUG_INFO = INCLUDE_SOURCE;
				MTL_FAST_MATH = YES;
				ONLY_ACTIVE_ARCH = YES;
				SDKROOT = iphoneos;
				SWIFT_ACTIVE_COMPILATION_CONDITIONS = DEBUG;
				SWIFT_OPTIMIZATION_LEVEL = "-Onone";
			};
			name = Debug;
		};
		D796FD4C2468D41E001E0C31 /* Release */ = {
			isa = XCBuildConfiguration;
			buildSettings = {
				ALWAYS_SEARCH_USER_PATHS = NO;
				CLANG_ANALYZER_NONNULL = YES;
				CLANG_ANALYZER_NUMBER_OBJECT_CONVERSION = YES_AGGRESSIVE;
				CLANG_CXX_LANGUAGE_STANDARD = "gnu++14";
				CLANG_CXX_LIBRARY = "libc++";
				CLANG_ENABLE_MODULES = YES;
				CLANG_ENABLE_OBJC_ARC = YES;
				CLANG_ENABLE_OBJC_WEAK = YES;
				CLANG_WARN_BLOCK_CAPTURE_AUTORELEASING = YES;
				CLANG_WARN_BOOL_CONVERSION = YES;
				CLANG_WARN_COMMA = YES;
				CLANG_WARN_CONSTANT_CONVERSION = YES;
				CLANG_WARN_DEPRECATED_OBJC_IMPLEMENTATIONS = YES;
				CLANG_WARN_DIRECT_OBJC_ISA_USAGE = YES_ERROR;
				CLANG_WARN_DOCUMENTATION_COMMENTS = YES;
				CLANG_WARN_EMPTY_BODY = YES;
				CLANG_WARN_ENUM_CONVERSION = YES;
				CLANG_WARN_INFINITE_RECURSION = YES;
				CLANG_WARN_INT_CONVERSION = YES;
				CLANG_WARN_NON_LITERAL_NULL_CONVERSION = YES;
				CLANG_WARN_OBJC_IMPLICIT_RETAIN_SELF = YES;
				CLANG_WARN_OBJC_LITERAL_CONVERSION = YES;
				CLANG_WARN_OBJC_ROOT_CLASS = YES_ERROR;
				CLANG_WARN_RANGE_LOOP_ANALYSIS = YES;
				CLANG_WARN_STRICT_PROTOTYPES = YES;
				CLANG_WARN_SUSPICIOUS_MOVE = YES;
				CLANG_WARN_UNGUARDED_AVAILABILITY = YES_AGGRESSIVE;
				CLANG_WARN_UNREACHABLE_CODE = YES;
				CLANG_WARN__DUPLICATE_METHOD_MATCH = YES;
				COPY_PHASE_STRIP = NO;
				DEBUG_INFORMATION_FORMAT = "dwarf-with-dsym";
				ENABLE_NS_ASSERTIONS = NO;
				ENABLE_STRICT_OBJC_MSGSEND = YES;
				GCC_C_LANGUAGE_STANDARD = gnu11;
				GCC_NO_COMMON_BLOCKS = YES;
				GCC_WARN_64_TO_32_BIT_CONVERSION = YES;
				GCC_WARN_ABOUT_RETURN_TYPE = YES_ERROR;
				GCC_WARN_UNDECLARED_SELECTOR = YES;
				GCC_WARN_UNINITIALIZED_AUTOS = YES_AGGRESSIVE;
				GCC_WARN_UNUSED_FUNCTION = YES;
				GCC_WARN_UNUSED_VARIABLE = YES;
				IPHONEOS_DEPLOYMENT_TARGET = 13.4;
				MTL_ENABLE_DEBUG_INFO = NO;
				MTL_FAST_MATH = YES;
				SDKROOT = iphoneos;
				SWIFT_COMPILATION_MODE = wholemodule;
				SWIFT_OPTIMIZATION_LEVEL = "-O";
				VALIDATE_PRODUCT = YES;
			};
			name = Release;
		};
		D796FD4E2468D41E001E0C31 /* Debug */ = {
			isa = XCBuildConfiguration;
			buildSettings = {
				ASSETCATALOG_COMPILER_APPICON_NAME = AppIcon;
				CODE_SIGN_STYLE = Automatic;
				DEVELOPMENT_TEAM = X7GF72UU2P;
				INFOPLIST_FILE = testApp/Info.plist;
				LD_RUNPATH_SEARCH_PATHS = (
					"$(inherited)",
					"@executable_path/Frameworks",
				);
				PRODUCT_BUNDLE_IDENTIFIER = com.AlexMendes.testApp;
				PRODUCT_NAME = "$(TARGET_NAME)";
				SWIFT_VERSION = 5.0;
				TARGETED_DEVICE_FAMILY = "1,2";
			};
			name = Debug;
		};
		D796FD4F2468D41E001E0C31 /* Release */ = {
			isa = XCBuildConfiguration;
			buildSettings = {
				ASSETCATALOG_COMPILER_APPICON_NAME = AppIcon;
				CODE_SIGN_STYLE = Automatic;
				DEVELOPMENT_TEAM = X7GF72UU2P;
				INFOPLIST_FILE = testApp/Info.plist;
				LD_RUNPATH_SEARCH_PATHS = (
					"$(inherited)",
					"@executable_path/Frameworks",
				);
				PRODUCT_BUNDLE_IDENTIFIER = com.AlexMendes.testApp;
				PRODUCT_NAME = "$(TARGET_NAME)";
				SWIFT_VERSION = 5.0;
				TARGETED_DEVICE_FAMILY = "1,2";
			};
			name = Release;
		};
/* End XCBuildConfiguration section */

/* Begin XCConfigurationList section */
		D796FD342468D41B001E0C31 /* Build configuration list for PBXProject "testApp" */ = {
			isa = XCConfigurationList;
			buildConfigurations = (
				D796FD4B2468D41E001E0C31 /* Debug */,
				D796FD4C2468D41E001E0C31 /* Release */,
			);
			defaultConfigurationIsVisible = 0;
			defaultConfigurationName = Release;
		};
		D796FD4D2468D41E001E0C31 /* Build configuration list for PBXNativeTarget "testApp" */ = {
			isa = XCConfigurationList;
			buildConfigurations = (
				D796FD4E2468D41E001E0C31 /* Debug */,
				D796FD4F2468D41E001E0C31 /* Release */,
			);
			defaultConfigurationIsVisible = 0;
			defaultConfigurationName = Release;
		};
/* End XCConfigurationList section */

/* Begin XCVersionGroup section */
		D73AA44D247C567C00734E90 /* Model.xcdatamodeld */ = {
			isa = XCVersionGroup;
			children = (
				D73AA44E247C567C00734E90 /* Model.xcdatamodel */,
			);
			currentVersion = D73AA44E247C567C00734E90 /* Model.xcdatamodel */;
			path = Model.xcdatamodeld;
			sourceTree = "<group>";
			versionGroupType = wrapper.xcdatamodel;
		};
/* End XCVersionGroup section */
	};
	rootObject = D796FD312468D41B001E0C31 /* Project object */;
}
